// !$*UTF8*$!
{
	archiveVersion = 1;
	classes = {
	};
	objectVersion = 50;
	objects = {

/* Begin PBXBuildFile section */
		F062FF592475115B00ABFF93 /* CoreClassifier.mlmodel in Sources */ = {isa = PBXBuildFile; fileRef = F062FF582475115B00ABFF93 /* CoreClassifier.mlmodel */; };
		F06D3C4424728AC500386569 /* AppDelegate.swift in Sources */ = {isa = PBXBuildFile; fileRef = F06D3C4324728AC500386569 /* AppDelegate.swift */; };
		F06D3C4624728AC500386569 /* SceneDelegate.swift in Sources */ = {isa = PBXBuildFile; fileRef = F06D3C4524728AC500386569 /* SceneDelegate.swift */; };
		F06D3C4824728AC500386569 /* ViewController.swift in Sources */ = {isa = PBXBuildFile; fileRef = F06D3C4724728AC500386569 /* ViewController.swift */; };
		F06D3C4B24728AC500386569 /* Main.storyboard in Resources */ = {isa = PBXBuildFile; fileRef = F06D3C4924728AC500386569 /* Main.storyboard */; };
		F06D3C4E24728AC500386569 /* Animal_Recognition.xcdatamodeld in Sources */ = {isa = PBXBuildFile; fileRef = F06D3C4C24728AC500386569 /* Animal_Recognition.xcdatamodeld */; };
		F06D3C5024728AC500386569 /* Assets.xcassets in Resources */ = {isa = PBXBuildFile; fileRef = F06D3C4F24728AC500386569 /* Assets.xcassets */; };
		F06D3C5324728AC500386569 /* LaunchScreen.storyboard in Resources */ = {isa = PBXBuildFile; fileRef = F06D3C5124728AC500386569 /* LaunchScreen.storyboard */; };
		F06D3C5D2473809700386569 /* UIImageExtension.swift in Sources */ = {isa = PBXBuildFile; fileRef = F06D3C5C2473809700386569 /* UIImageExtension.swift */; };
/* End PBXBuildFile section */

/* Begin PBXFileReference section */
		F062FF582475115B00ABFF93 /* CoreClassifier.mlmodel */ = {isa = PBXFileReference; lastKnownFileType = file.mlmodel; path = CoreClassifier.mlmodel; sourceTree = "<group>"; };
		F06D3C4024728AC500386569 /* Animal Recognition.app */ = {isa = PBXFileReference; explicitFileType = wrapper.application; includeInIndex = 0; path = "Animal Recognition.app"; sourceTree = BUILT_PRODUCTS_DIR; };
		F06D3C4324728AC500386569 /* AppDelegate.swift */ = {isa = PBXFileReference; lastKnownFileType = sourcecode.swift; path = AppDelegate.swift; sourceTree = "<group>"; };
		F06D3C4524728AC500386569 /* SceneDelegate.swift */ = {isa = PBXFileReference; lastKnownFileType = sourcecode.swift; path = SceneDelegate.swift; sourceTree = "<group>"; };
		F06D3C4724728AC500386569 /* ViewController.swift */ = {isa = PBXFileReference; lastKnownFileType = sourcecode.swift; path = ViewController.swift; sourceTree = "<group>"; };
		F06D3C4A24728AC500386569 /* Base */ = {isa = PBXFileReference; lastKnownFileType = file.storyboard; name = Base; path = Base.lproj/Main.storyboard; sourceTree = "<group>"; };
		F06D3C4D24728AC500386569 /* Animal_Recognition.xcdatamodel */ = {isa = PBXFileReference; lastKnownFileType = wrapper.xcdatamodel; path = Animal_Recognition.xcdatamodel; sourceTree = "<group>"; };
		F06D3C4F24728AC500386569 /* Assets.xcassets */ = {isa = PBXFileReference; lastKnownFileType = folder.assetcatalog; path = Assets.xcassets; sourceTree = "<group>"; };
		F06D3C5224728AC500386569 /* Base */ = {isa = PBXFileReference; lastKnownFileType = file.storyboard; name = Base; path = Base.lproj/LaunchScreen.storyboard; sourceTree = "<group>"; };
		F06D3C5424728AC500386569 /* Info.plist */ = {isa = PBXFileReference; lastKnownFileType = text.plist.xml; path = Info.plist; sourceTree = "<group>"; };
		F06D3C5C2473809700386569 /* UIImageExtension.swift */ = {isa = PBXFileReference; lastKnownFileType = sourcecode.swift; path = UIImageExtension.swift; sourceTree = "<group>"; };
/* End PBXFileReference section */

/* Begin PBXFrameworksBuildPhase section */
		F06D3C3D24728AC500386569 /* Frameworks */ = {
			isa = PBXFrameworksBuildPhase;
			buildActionMask = 2147483647;
			files = (
			);
			runOnlyForDeploymentPostprocessing = 0;
		};
/* End PBXFrameworksBuildPhase section */

/* Begin PBXGroup section */
		F06D3C3724728AC500386569 = {
			isa = PBXGroup;
			children = (
				F06D3C4224728AC500386569 /* Animal Recognition */,
				F06D3C4124728AC500386569 /* Products */,
			);
			sourceTree = "<group>";
		};
		F06D3C4124728AC500386569 /* Products */ = {
			isa = PBXGroup;
			children = (
				F06D3C4024728AC500386569 /* Animal Recognition.app */,
			);
			name = Products;
			sourceTree = "<group>";
		};
		F06D3C4224728AC500386569 /* Animal Recognition */ = {
			isa = PBXGroup;
			children = (
				F06D3C4324728AC500386569 /* AppDelegate.swift */,
				F06D3C4524728AC500386569 /* SceneDelegate.swift */,
				F06D3C5C2473809700386569 /* UIImageExtension.swift */,
				F06D3C4724728AC500386569 /* ViewController.swift */,
				F062FF582475115B00ABFF93 /* CoreClassifier.mlmodel */,
				F06D3C4924728AC500386569 /* Main.storyboard */,
				F06D3C4F24728AC500386569 /* Assets.xcassets */,
				F06D3C5124728AC500386569 /* LaunchScreen.storyboard */,
				F06D3C5424728AC500386569 /* Info.plist */,
				F06D3C4C24728AC500386569 /* Animal_Recognition.xcdatamodeld */,
			);
			path = "Animal Recognition";
			sourceTree = "<group>";
		};
/* End PBXGroup section */

/* Begin PBXNativeTarget section */
		F06D3C3F24728AC500386569 /* Animal Recognition */ = {
			isa = PBXNativeTarget;
			buildConfigurationList = F06D3C5724728AC500386569 /* Build configuration list for PBXNativeTarget "Animal Recognition" */;
			buildPhases = (
				F06D3C3C24728AC500386569 /* Sources */,
				F06D3C3D24728AC500386569 /* Frameworks */,
				F06D3C3E24728AC500386569 /* Resources */,
			);
			buildRules = (
			);
			dependencies = (
			);
			name = "Animal Recognition";
			productName = "Animal Recognition";
			productReference = F06D3C4024728AC500386569 /* Animal Recognition.app */;
			productType = "com.apple.product-type.application";
		};
/* End PBXNativeTarget section */

/* Begin PBXProject section */
		F06D3C3824728AC500386569 /* Project object */ = {
			isa = PBXProject;
			attributes = {
				LastSwiftUpdateCheck = 1130;
				LastUpgradeCheck = 1130;
				ORGANIZATIONNAME = "Sufiandy Elmy";
				TargetAttributes = {
					F06D3C3F24728AC500386569 = {
						CreatedOnToolsVersion = 11.3.1;
					};
				};
			};
			buildConfigurationList = F06D3C3B24728AC500386569 /* Build configuration list for PBXProject "Animal Recognition" */;
			compatibilityVersion = "Xcode 9.3";
			developmentRegion = en;
			hasScannedForEncodings = 0;
			knownRegions = (
				en,
				Base,
			);
			mainGroup = F06D3C3724728AC500386569;
			productRefGroup = F06D3C4124728AC500386569 /* Products */;
			projectDirPath = "";
			projectRoot = "";
			targets = (
				F06D3C3F24728AC500386569 /* Animal Recognition */,
			);
		};
/* End PBXProject section */

/* Begin PBXResourcesBuildPhase section */
		F06D3C3E24728AC500386569 /* Resources */ = {
			isa = PBXResourcesBuildPhase;
			buildActionMask = 2147483647;
			files = (
				F06D3C5324728AC500386569 /* LaunchScreen.storyboard in Resources */,
				F06D3C5024728AC500386569 /* Assets.xcassets in Resources */,
				F06D3C4B24728AC500386569 /* Main.storyboard in Resources */,
			);
			runOnlyForDeploymentPostprocessing = 0;
		};
/* End PBXResourcesBuildPhase section */

/* Begin PBXSourcesBuildPhase section */
		F06D3C3C24728AC500386569 /* Sources */ = {
			isa = PBXSourcesBuildPhase;
			buildActionMask = 2147483647;
			files = (
				F06D3C4824728AC500386569 /* ViewController.swift in Sources */,
				F06D3C4E24728AC500386569 /* Animal_Recognition.xcdatamodeld in Sources */,
				F062FF592475115B00ABFF93 /* CoreClassifier.mlmodel in Sources */,
				F06D3C4424728AC500386569 /* AppDelegate.swift in Sources */,
				F06D3C4624728AC500386569 /* SceneDelegate.swift in Sources */,
				F06D3C5D2473809700386569 /* UIImageExtension.swift in Sources */,
			);
			runOnlyForDeploymentPostprocessing = 0;
		};
/* End PBXSourcesBuildPhase section */

/* Begin PBXVariantGroup section */
		F06D3C4924728AC500386569 /* Main.storyboard */ = {
			isa = PBXVariantGroup;
			children = (
				F06D3C4A24728AC500386569 /* Base */,
			);
			name = Main.storyboard;
			sourceTree = "<group>";
		};
		F06D3C5124728AC500386569 /* LaunchScreen.storyboard */ = {
			isa = PBXVariantGroup;
			children = (
				F06D3C5224728AC500386569 /* Base */,
			);
			name = LaunchScreen.storyboard;
			sourceTree = "<group>";
		};
/* End PBXVariantGroup section */

/* Begin XCBuildConfiguration section */
		F06D3C5524728AC500386569 /* Debug */ = {
			isa = XCBuildConfiguration;
			buildSettings = {
				ALWAYS_SEARCH_USER_PATHS = NO;
				CLANG_ANALYZER_NONNULL = YES;
				CLANG_ANALYZER_NUMBER_OBJECT_CONVERSION = YES_AGGRESSIVE;
				CLANG_CXX_LANGUAGE_STANDARD = "gnu++14";
				CLANG_CXX_LIBRARY = "libc++";
				CLANG_ENABLE_MODULES = YES;
				CLANG_ENABLE_OBJC_ARC = YES;
				CLANG_ENABLE_OBJC_WEAK = YES;
				CLANG_WARN_BLOCK_CAPTURE_AUTORELEASING = YES;
				CLANG_WARN_BOOL_CONVERSION = YES;
				CLANG_WARN_COMMA = YES;
				CLANG_WARN_CONSTANT_CONVERSION = YES;
				CLANG_WARN_DEPRECATED_OBJC_IMPLEMENTATIONS = YES;
				CLANG_WARN_DIRECT_OBJC_ISA_USAGE = YES_ERROR;
				CLANG_WARN_DOCUMENTATION_COMMENTS = YES;
				CLANG_WARN_EMPTY_BODY = YES;
				CLANG_WARN_ENUM_CONVERSION = YES;
				CLANG_WARN_INFINITE_RECURSION = YES;
				CLANG_WARN_INT_CONVERSION = YES;
				CLANG_WARN_NON_LITERAL_NULL_CONVERSION = YES;
				CLANG_WARN_OBJC_IMPLICIT_RETAIN_SELF = YES;
				CLANG_WARN_OBJC_LITERAL_CONVERSION = YES;
				CLANG_WARN_OBJC_ROOT_CLASS = YES_ERROR;
				CLANG_WARN_RANGE_LOOP_ANALYSIS = YES;
				CLANG_WARN_STRICT_PROTOTYPES = YES;
				CLANG_WARN_SUSPICIOUS_MOVE = YES;
				CLANG_WARN_UNGUARDED_AVAILABILITY = YES_AGGRESSIVE;
				CLANG_WARN_UNREACHABLE_CODE = YES;
				CLANG_WARN__DUPLICATE_METHOD_MATCH = YES;
				COPY_PHASE_STRIP = NO;
				DEBUG_INFORMATION_FORMAT = dwarf;
				ENABLE_STRICT_OBJC_MSGSEND = YES;
				ENABLE_TESTABILITY = YES;
				GCC_C_LANGUAGE_STANDARD = gnu11;
				GCC_DYNAMIC_NO_PIC = NO;
				GCC_NO_COMMON_BLOCKS = YES;
				GCC_OPTIMIZATION_LEVEL = 0;
				GCC_PREPROCESSOR_DEFINITIONS = (
					"DEBUG=1",
					"$(inherited)",
				);
				GCC_WARN_64_TO_32_BIT_CONVERSION = YES;
				GCC_WARN_ABOUT_RETURN_TYPE = YES_ERROR;
				GCC_WARN_UNDECLARED_SELECTOR = YES;
				GCC_WARN_UNINITIALIZED_AUTOS = YES_AGGRESSIVE;
				GCC_WARN_UNUSED_FUNCTION = YES;
				GCC_WARN_UNUSED_VARIABLE = YES;
				IPHONEOS_DEPLOYMENT_TARGET = 13.2;
				MTL_ENABLE_DEBUG_INFO = INCLUDE_SOURCE;
				MTL_FAST_MATH = YES;
				ONLY_ACTIVE_ARCH = YES;
				SDKROOT = iphoneos;
				SWIFT_ACTIVE_COMPILATION_CONDITIONS = DEBUG;
				SWIFT_OPTIMIZATION_LEVEL = "-Onone";
			};
			name = Debug;
		};
		F06D3C5624728AC500386569 /* Release */ = {
			isa = XCBuildConfiguration;
			buildSettings = {
				ALWAYS_SEARCH_USER_PATHS = NO;
				CLANG_ANALYZER_NONNULL = YES;
				CLANG_ANALYZER_NUMBER_OBJECT_CONVERSION = YES_AGGRESSIVE;
				CLANG_CXX_LANGUAGE_STANDARD = "gnu++14";
				CLANG_CXX_LIBRARY = "libc++";
				CLANG_ENABLE_MODULES = YES;
				CLANG_ENABLE_OBJC_ARC = YES;
				CLANG_ENABLE_OBJC_WEAK = YES;
				CLANG_WARN_BLOCK_CAPTURE_AUTORELEASING = YES;
				CLANG_WARN_BOOL_CONVERSION = YES;
				CLANG_WARN_COMMA = YES;
				CLANG_WARN_CONSTANT_CONVERSION = YES;
				CLANG_WARN_DEPRECATED_OBJC_IMPLEMENTATIONS = YES;
				CLANG_WARN_DIRECT_OBJC_ISA_USAGE = YES_ERROR;
				CLANG_WARN_DOCUMENTATION_COMMENTS = YES;
				CLANG_WARN_EMPTY_BODY = YES;
				CLANG_WARN_ENUM_CONVERSION = YES;
				CLANG_WARN_INFINITE_RECURSION = YES;
				CLANG_WARN_INT_CONVERSION = YES;
				CLANG_WARN_NON_LITERAL_NULL_CONVERSION = YES;
				CLANG_WARN_OBJC_IMPLICIT_RETAIN_SELF = YES;
				CLANG_WARN_OBJC_LITERAL_CONVERSION = YES;
				CLANG_WARN_OBJC_ROOT_CLASS = YES_ERROR;
				CLANG_WARN_RANGE_LOOP_ANALYSIS = YES;
				CLANG_WARN_STRICT_PROTOTYPES = YES;
				CLANG_WARN_SUSPICIOUS_MOVE = YES;
				CLANG_WARN_UNGUARDED_AVAILABILITY = YES_AGGRESSIVE;
				CLANG_WARN_UNREACHABLE_CODE = YES;
				CLANG_WARN__DUPLICATE_METHOD_MATCH = YES;
				COPY_PHASE_STRIP = NO;
				DEBUG_INFORMATION_FORMAT = "dwarf-with-dsym";
				ENABLE_NS_ASSERTIONS = NO;
				ENABLE_STRICT_OBJC_MSGSEND = YES;
				GCC_C_LANGUAGE_STANDARD = gnu11;
				GCC_NO_COMMON_BLOCKS = YES;
				GCC_WARN_64_TO_32_BIT_CONVERSION = YES;
				GCC_WARN_ABOUT_RETURN_TYPE = YES_ERROR;
				GCC_WARN_UNDECLARED_SELECTOR = YES;
				GCC_WARN_UNINITIALIZED_AUTOS = YES_AGGRESSIVE;
				GCC_WARN_UNUSED_FUNCTION = YES;
				GCC_WARN_UNUSED_VARIABLE = YES;
				IPHONEOS_DEPLOYMENT_TARGET = 13.2;
				MTL_ENABLE_DEBUG_INFO = NO;
				MTL_FAST_MATH = YES;
				SDKROOT = iphoneos;
				SWIFT_COMPILATION_MODE = wholemodule;
				SWIFT_OPTIMIZATION_LEVEL = "-O";
				VALIDATE_PRODUCT = YES;
			};
			name = Release;
		};
		F06D3C5824728AC500386569 /* Debug */ = {
			isa = XCBuildConfiguration;
			buildSettings = {
				ASSETCATALOG_COMPILER_APPICON_NAME = AppIcon;
				CODE_SIGN_STYLE = Automatic;
				DEVELOPMENT_TEAM = 9T6A37YY89;
				INFOPLIST_FILE = "Animal Recognition/Info.plist";
				LD_RUNPATH_SEARCH_PATHS = (
					"$(inherited)",
					"@executable_path/Frameworks",
				);
				PRODUCT_BUNDLE_IDENTIFIER = www.infinitelearning.id.AnimalRec;
				PRODUCT_NAME = "$(TARGET_NAME)";
				SWIFT_VERSION = 5.0;
				TARGETED_DEVICE_FAMILY = "1,2";
			};
			name = Debug;
		};
		F06D3C5924728AC500386569 /* Release */ = {
			isa = XCBuildConfiguration;
			buildSettings = {
				ASSETCATALOG_COMPILER_APPICON_NAME = AppIcon;
				CODE_SIGN_STYLE = Automatic;
				DEVELOPMENT_TEAM = 9T6A37YY89;
				INFOPLIST_FILE = "Animal Recognition/Info.plist";
				LD_RUNPATH_SEARCH_PATHS = (
					"$(inherited)",
					"@executable_path/Frameworks",
				);
				PRODUCT_BUNDLE_IDENTIFIER = www.infinitelearning.id.AnimalRec;
				PRODUCT_NAME = "$(TARGET_NAME)";
				SWIFT_VERSION = 5.0;
				TARGETED_DEVICE_FAMILY = "1,2";
			};
			name = Release;
		};
/* End XCBuildConfiguration section */

/* Begin XCConfigurationList section */
		F06D3C3B24728AC500386569 /* Build configuration list for PBXProject "Animal Recognition" */ = {
			isa = XCConfigurationList;
			buildConfigurations = (
				F06D3C5524728AC500386569 /* Debug */,
				F06D3C5624728AC500386569 /* Release */,
			);
			defaultConfigurationIsVisible = 0;
			defaultConfigurationName = Release;
		};
		F06D3C5724728AC500386569 /* Build configuration list for PBXNativeTarget "Animal Recognition" */ = {
			isa = XCConfigurationList;
			buildConfigurations = (
				F06D3C5824728AC500386569 /* Debug */,
				F06D3C5924728AC500386569 /* Release */,
			);
			defaultConfigurationIsVisible = 0;
			defaultConfigurationName = Release;
		};
/* End XCConfigurationList section */

/* Begin XCVersionGroup section */
		F06D3C4C24728AC500386569 /* Animal_Recognition.xcdatamodeld */ = {
			isa = XCVersionGroup;
			children = (
				F06D3C4D24728AC500386569 /* Animal_Recognition.xcdatamodel */,
			);
			currentVersion = F06D3C4D24728AC500386569 /* Animal_Recognition.xcdatamodel */;
			path = Animal_Recognition.xcdatamodeld;
			sourceTree = "<group>";
			versionGroupType = wrapper.xcdatamodel;
		};
/* End XCVersionGroup section */
	};
	rootObject = F06D3C3824728AC500386569 /* Project object */;
}
